// !$*UTF8*$!
{
	archiveVersion = 1;
	classes = {
	};
	objectVersion = 46;
	objects = {

/* Begin PBXBuildFile section */
		4BD9CD8B4D2301E287A5D8E0 /* Pods_Exchange.framework in Frameworks */ = {isa = PBXBuildFile; fileRef = 6EE866939FA449451BC0350A /* Pods_Exchange.framework */; };
		5B24A0F51F0F3A230068BBD9 /* ExploreCategoryCell.swift in Sources */ = {isa = PBXBuildFile; fileRef = 5B24A0F41F0F3A230068BBD9 /* ExploreCategoryCell.swift */; };
		5B24A0FE1F10212E0068BBD9 /* CreatePostViewController.swift in Sources */ = {isa = PBXBuildFile; fileRef = 5B24A0FD1F10212E0068BBD9 /* CreatePostViewController.swift */; };
		5B24A1001F1025A00068BBD9 /* CreatePostDescriptionCell.swift in Sources */ = {isa = PBXBuildFile; fileRef = 5B24A0FF1F1025A00068BBD9 /* CreatePostDescriptionCell.swift */; };
		5B24A1021F1026570068BBD9 /* CreatePostCategoryCell.swift in Sources */ = {isa = PBXBuildFile; fileRef = 5B24A1011F1026570068BBD9 /* CreatePostCategoryCell.swift */; };
		5B24A1041F1027F10068BBD9 /* CreatePostCameraCell.swift in Sources */ = {isa = PBXBuildFile; fileRef = 5B24A1031F1027F10068BBD9 /* CreatePostCameraCell.swift */; };
		5B24A1061F103D6F0068BBD9 /* UIViewControllerUtilities.swift in Sources */ = {isa = PBXBuildFile; fileRef = 5B24A1051F103D6F0068BBD9 /* UIViewControllerUtilities.swift */; };
		5B24A1081F1044A60068BBD9 /* CategoriesViewController.swift in Sources */ = {isa = PBXBuildFile; fileRef = 5B24A1071F1044A60068BBD9 /* CategoriesViewController.swift */; };
		5B24A10A1F104C290068BBD9 /* CategoryCell.swift in Sources */ = {isa = PBXBuildFile; fileRef = 5B24A1091F104C290068BBD9 /* CategoryCell.swift */; };
		5B2CD8B21F0B2968001E0D6B /* AppDelegate.swift in Sources */ = {isa = PBXBuildFile; fileRef = 5B2CD8B11F0B2968001E0D6B /* AppDelegate.swift */; };
		5B2CD8BA1F0B2968001E0D6B /* Exchange.xcdatamodeld in Sources */ = {isa = PBXBuildFile; fileRef = 5B2CD8B81F0B2968001E0D6B /* Exchange.xcdatamodeld */; };
		5B2CD8BC1F0B2968001E0D6B /* Assets.xcassets in Resources */ = {isa = PBXBuildFile; fileRef = 5B2CD8BB1F0B2968001E0D6B /* Assets.xcassets */; };
		5B4D893F1F10A8F9009FFEE2 /* PopularCategoriesViewController.swift in Sources */ = {isa = PBXBuildFile; fileRef = 5B4D893E1F10A8F9009FFEE2 /* PopularCategoriesViewController.swift */; };
		5B4D89411F10AB32009FFEE2 /* PostThumbImageCell.swift in Sources */ = {isa = PBXBuildFile; fileRef = 5B4D89401F10AB32009FFEE2 /* PostThumbImageCell.swift */; };
		5B6A615A1F157AF1009FCE55 /* MainTabBarController.swift in Sources */ = {isa = PBXBuildFile; fileRef = 5B6A61591F157AF1009FCE55 /* MainTabBarController.swift */; };
		5B6A61641F16DFFE009FCE55 /* EXScenarios.swift in Sources */ = {isa = PBXBuildFile; fileRef = 5B6A61631F16DFFE009FCE55 /* EXScenarios.swift */; };
		5B6C55821F0C630300F4120A /* StoryboardUtilities.swift in Sources */ = {isa = PBXBuildFile; fileRef = 5B6C55811F0C630300F4120A /* StoryboardUtilities.swift */; };
		5B6C55841F0C665100F4120A /* LoginViewController.swift in Sources */ = {isa = PBXBuildFile; fileRef = 5B6C55831F0C665100F4120A /* LoginViewController.swift */; };
		5B6C55881F0C71C100F4120A /* GoogleService-Info.plist in Resources */ = {isa = PBXBuildFile; fileRef = 5B6C55871F0C71C100F4120A /* GoogleService-Info.plist */; };
		5B6C558A1F0C7CAD00F4120A /* User.swift in Sources */ = {isa = PBXBuildFile; fileRef = 5B6C55891F0C7CAD00F4120A /* User.swift */; };
		5B6C558C1F0CBC4F00F4120A /* UserService.swift in Sources */ = {isa = PBXBuildFile; fileRef = 5B6C558B1F0CBC4F00F4120A /* UserService.swift */; };
		5B724F841F0B2D1300BE4E4E /* Main.storyboard in Resources */ = {isa = PBXBuildFile; fileRef = 5B724F831F0B2D1300BE4E4E /* Main.storyboard */; };
		5B724F8E1F0B2E0F00BE4E4E /* Login.storyboard in Resources */ = {isa = PBXBuildFile; fileRef = 5B724F8D1F0B2E0F00BE4E4E /* Login.storyboard */; };
		5B724F961F0B37A400BE4E4E /* ProfileViewController.swift in Sources */ = {isa = PBXBuildFile; fileRef = 5B724F951F0B37A400BE4E4E /* ProfileViewController.swift */; };
		5B7CF0761F1929EE00AB000E /* ExchangeSequence.storyboard in Resources */ = {isa = PBXBuildFile; fileRef = 5B7CF0751F1929EE00AB000E /* ExchangeSequence.storyboard */; };
		5B7CF0781F192A5600AB000E /* ExchangeSequenceViewController.swift in Sources */ = {isa = PBXBuildFile; fileRef = 5B7CF0771F192A5600AB000E /* ExchangeSequenceViewController.swift */; };
		5B971F2C1F17F2CD00B1FCF6 /* EXCollectionViewCell.swift in Sources */ = {isa = PBXBuildFile; fileRef = 5B971F2B1F17F2CD00B1FCF6 /* EXCollectionViewCell.swift */; };
		5B971F301F1829E200B1FCF6 /* EXConfirmViewController.swift in Sources */ = {isa = PBXBuildFile; fileRef = 5B971F2F1F1829E200B1FCF6 /* EXConfirmViewController.swift */; };
		5B971F321F19291200B1FCF6 /* EXTableDescriptionCell.swift in Sources */ = {isa = PBXBuildFile; fileRef = 5B971F311F19291200B1FCF6 /* EXTableDescriptionCell.swift */; };
		5B9D50951F15521700E4DC19 /* UICollectionViewUtilities.swift in Sources */ = {isa = PBXBuildFile; fileRef = 5B9D50941F15521700E4DC19 /* UICollectionViewUtilities.swift */; };
		5B9D91141F192DAA00071B53 /* EXTableButtonCell.swift in Sources */ = {isa = PBXBuildFile; fileRef = 5B9D91131F192DAA00071B53 /* EXTableButtonCell.swift */; };
		5B9D91161F192E0E00071B53 /* EXTableImageCell.swift in Sources */ = {isa = PBXBuildFile; fileRef = 5B9D91151F192E0E00071B53 /* EXTableImageCell.swift */; };
		5BA92F031F11A8C1006CE880 /* MarketplaceHeaderView.swift in Sources */ = {isa = PBXBuildFile; fileRef = 5BA92F021F11A8C1006CE880 /* MarketplaceHeaderView.swift */; };
		5BA92F061F11E5D5006CE880 /* EXPhotoHelper.swift in Sources */ = {isa = PBXBuildFile; fileRef = 5BA92F051F11E5D5006CE880 /* EXPhotoHelper.swift */; };
		5BA92F081F11FCBC006CE880 /* Post.swift in Sources */ = {isa = PBXBuildFile; fileRef = 5BA92F071F11FCBC006CE880 /* Post.swift */; };
		5BA92F0A1F12B27E006CE880 /* PostService.swift in Sources */ = {isa = PBXBuildFile; fileRef = 5BA92F091F12B27E006CE880 /* PostService.swift */; };
		5BA92F0C1F12B5FF006CE880 /* FIRStorageUtilities.swift in Sources */ = {isa = PBXBuildFile; fileRef = 5BA92F0B1F12B5FF006CE880 /* FIRStorageUtilities.swift */; };
		5BA92F101F12BA93006CE880 /* UIImageUtilities.swift in Sources */ = {isa = PBXBuildFile; fileRef = 5BA92F0F1F12BA93006CE880 /* UIImageUtilities.swift */; };
		5BB302A21F1439BE003C149B /* CreateNewPost.storyboard in Resources */ = {isa = PBXBuildFile; fileRef = 5BB302A11F1439BE003C149B /* CreateNewPost.storyboard */; };
		5BB302A41F143D3D003C149B /* MyItemViewController.swift in Sources */ = {isa = PBXBuildFile; fileRef = 5BB302A31F143D3D003C149B /* MyItemViewController.swift */; };
		5BB302A81F143F0F003C149B /* MyItem.storyboard in Resources */ = {isa = PBXBuildFile; fileRef = 5BB302A71F143F0F003C149B /* MyItem.storyboard */; };
		5BB302AA1F143FA1003C149B /* MyItemPostImageCell.swift in Sources */ = {isa = PBXBuildFile; fileRef = 5BB302A91F143FA1003C149B /* MyItemPostImageCell.swift */; };
		5BB302AC1F144012003C149B /* MyItemHeaderView.swift in Sources */ = {isa = PBXBuildFile; fileRef = 5BB302AB1F144012003C149B /* MyItemHeaderView.swift */; };
		5BB734D01F1D1EC600F12074 /* ProfileOptionCell.swift in Sources */ = {isa = PBXBuildFile; fileRef = 5BB734CF1F1D1EC600F12074 /* ProfileOptionCell.swift */; };
		5BB734D31F1D57D000F12074 /* RequestViewController.swift in Sources */ = {isa = PBXBuildFile; fileRef = 5BB734D21F1D57D000F12074 /* RequestViewController.swift */; };
		5BB734D51F1D58B500F12074 /* RequestTableViewCell.swift in Sources */ = {isa = PBXBuildFile; fileRef = 5BB734D41F1D58B500F12074 /* RequestTableViewCell.swift */; };
		5BB734D71F1D6BDC00F12074 /* Request.swift in Sources */ = {isa = PBXBuildFile; fileRef = 5BB734D61F1D6BDC00F12074 /* Request.swift */; };
		5BB734D91F1D6D6600F12074 /* RequestService.swift in Sources */ = {isa = PBXBuildFile; fileRef = 5BB734D81F1D6D6600F12074 /* RequestService.swift */; };
		5BB984DB1F0F350D00F5D5E8 /* Explore.storyboard in Resources */ = {isa = PBXBuildFile; fileRef = 5BB984DA1F0F350D00F5D5E8 /* Explore.storyboard */; };
		5BBDCF1E1F0C26F7007C505E /* MarketplaceViewController.swift in Sources */ = {isa = PBXBuildFile; fileRef = 5BBDCF1D1F0C26F7007C505E /* MarketplaceViewController.swift */; };
		5BFE717C1F0B3DD5007697EB /* Profile.storyboard in Resources */ = {isa = PBXBuildFile; fileRef = 5BFE717B1F0B3DD5007697EB /* Profile.storyboard */; };
/* End PBXBuildFile section */

/* Begin PBXFileReference section */
		5B24A0F41F0F3A230068BBD9 /* ExploreCategoryCell.swift */ = {isa = PBXFileReference; fileEncoding = 4; lastKnownFileType = sourcecode.swift; name = ExploreCategoryCell.swift; path = View/ExploreCategoryCell.swift; sourceTree = "<group>"; };
		5B24A0FD1F10212E0068BBD9 /* CreatePostViewController.swift */ = {isa = PBXFileReference; fileEncoding = 4; lastKnownFileType = sourcecode.swift; name = CreatePostViewController.swift; path = "View Controllers/CreatePostViewController.swift"; sourceTree = "<group>"; };
		5B24A0FF1F1025A00068BBD9 /* CreatePostDescriptionCell.swift */ = {isa = PBXFileReference; fileEncoding = 4; lastKnownFileType = sourcecode.swift; name = CreatePostDescriptionCell.swift; path = View/CreatePostDescriptionCell.swift; sourceTree = "<group>"; };
		5B24A1011F1026570068BBD9 /* CreatePostCategoryCell.swift */ = {isa = PBXFileReference; fileEncoding = 4; lastKnownFileType = sourcecode.swift; name = CreatePostCategoryCell.swift; path = View/CreatePostCategoryCell.swift; sourceTree = "<group>"; };
		5B24A1031F1027F10068BBD9 /* CreatePostCameraCell.swift */ = {isa = PBXFileReference; fileEncoding = 4; lastKnownFileType = sourcecode.swift; name = CreatePostCameraCell.swift; path = View/CreatePostCameraCell.swift; sourceTree = "<group>"; };
		5B24A1051F103D6F0068BBD9 /* UIViewControllerUtilities.swift */ = {isa = PBXFileReference; fileEncoding = 4; lastKnownFileType = sourcecode.swift; name = UIViewControllerUtilities.swift; path = "Extension /UIViewControllerUtilities.swift"; sourceTree = "<group>"; };
		5B24A1071F1044A60068BBD9 /* CategoriesViewController.swift */ = {isa = PBXFileReference; fileEncoding = 4; lastKnownFileType = sourcecode.swift; name = CategoriesViewController.swift; path = "View Controllers/CategoriesViewController.swift"; sourceTree = "<group>"; };
		5B24A1091F104C290068BBD9 /* CategoryCell.swift */ = {isa = PBXFileReference; fileEncoding = 4; lastKnownFileType = sourcecode.swift; name = CategoryCell.swift; path = View/CategoryCell.swift; sourceTree = "<group>"; };
		5B2CD8AE1F0B2968001E0D6B /* Exchange.app */ = {isa = PBXFileReference; explicitFileType = wrapper.application; includeInIndex = 0; path = Exchange.app; sourceTree = BUILT_PRODUCTS_DIR; };
		5B2CD8B11F0B2968001E0D6B /* AppDelegate.swift */ = {isa = PBXFileReference; lastKnownFileType = sourcecode.swift; path = AppDelegate.swift; sourceTree = "<group>"; };
		5B2CD8B91F0B2968001E0D6B /* Exchange.xcdatamodel */ = {isa = PBXFileReference; lastKnownFileType = wrapper.xcdatamodel; path = Exchange.xcdatamodel; sourceTree = "<group>"; };
		5B2CD8BB1F0B2968001E0D6B /* Assets.xcassets */ = {isa = PBXFileReference; lastKnownFileType = folder.assetcatalog; path = Assets.xcassets; sourceTree = "<group>"; };
		5B4D893E1F10A8F9009FFEE2 /* PopularCategoriesViewController.swift */ = {isa = PBXFileReference; fileEncoding = 4; lastKnownFileType = sourcecode.swift; name = PopularCategoriesViewController.swift; path = "View Controllers/PopularCategoriesViewController.swift"; sourceTree = "<group>"; };
		5B4D89401F10AB32009FFEE2 /* PostThumbImageCell.swift */ = {isa = PBXFileReference; fileEncoding = 4; lastKnownFileType = sourcecode.swift; name = PostThumbImageCell.swift; path = View/PostThumbImageCell.swift; sourceTree = "<group>"; };
		5B6A61591F157AF1009FCE55 /* MainTabBarController.swift */ = {isa = PBXFileReference; fileEncoding = 4; lastKnownFileType = sourcecode.swift; name = MainTabBarController.swift; path = "View Controllers/MainTabBarController.swift"; sourceTree = "<group>"; };
		5B6A61631F16DFFE009FCE55 /* EXScenarios.swift */ = {isa = PBXFileReference; fileEncoding = 4; lastKnownFileType = sourcecode.swift; name = EXScenarios.swift; path = Helper/EXScenarios.swift; sourceTree = "<group>"; };
		5B6C55811F0C630300F4120A /* StoryboardUtilities.swift */ = {isa = PBXFileReference; fileEncoding = 4; lastKnownFileType = sourcecode.swift; name = StoryboardUtilities.swift; path = "Extension /StoryboardUtilities.swift"; sourceTree = "<group>"; };
		5B6C55831F0C665100F4120A /* LoginViewController.swift */ = {isa = PBXFileReference; fileEncoding = 4; lastKnownFileType = sourcecode.swift; name = LoginViewController.swift; path = "View Controllers/LoginViewController.swift"; sourceTree = "<group>"; };
		5B6C55871F0C71C100F4120A /* GoogleService-Info.plist */ = {isa = PBXFileReference; fileEncoding = 4; lastKnownFileType = text.plist.xml; name = "GoogleService-Info.plist"; path = "Supporting/GoogleService-Info.plist"; sourceTree = "<group>"; };
		5B6C55891F0C7CAD00F4120A /* User.swift */ = {isa = PBXFileReference; fileEncoding = 4; lastKnownFileType = sourcecode.swift; name = User.swift; path = Model/User.swift; sourceTree = "<group>"; };
		5B6C558B1F0CBC4F00F4120A /* UserService.swift */ = {isa = PBXFileReference; fileEncoding = 4; lastKnownFileType = sourcecode.swift; name = UserService.swift; path = Service/UserService.swift; sourceTree = "<group>"; };
		5B724F831F0B2D1300BE4E4E /* Main.storyboard */ = {isa = PBXFileReference; fileEncoding = 4; lastKnownFileType = file.storyboard; name = Main.storyboard; path = Storyboards/Main.storyboard; sourceTree = "<group>"; };
		5B724F8A1F0B2DA100BE4E4E /* Info.plist */ = {isa = PBXFileReference; fileEncoding = 4; lastKnownFileType = text.plist.xml; name = Info.plist; path = Supporting/Info.plist; sourceTree = "<group>"; };
		5B724F8D1F0B2E0F00BE4E4E /* Login.storyboard */ = {isa = PBXFileReference; fileEncoding = 4; lastKnownFileType = file.storyboard; name = Login.storyboard; path = Storyboards/Login.storyboard; sourceTree = "<group>"; };
		5B724F951F0B37A400BE4E4E /* ProfileViewController.swift */ = {isa = PBXFileReference; fileEncoding = 4; lastKnownFileType = sourcecode.swift; name = ProfileViewController.swift; path = "View Controllers/ProfileViewController.swift"; sourceTree = "<group>"; };
		5B7CF0751F1929EE00AB000E /* ExchangeSequence.storyboard */ = {isa = PBXFileReference; fileEncoding = 4; lastKnownFileType = file.storyboard; name = ExchangeSequence.storyboard; path = Storyboards/ExchangeSequence.storyboard; sourceTree = "<group>"; };
		5B7CF0771F192A5600AB000E /* ExchangeSequenceViewController.swift */ = {isa = PBXFileReference; fileEncoding = 4; lastKnownFileType = sourcecode.swift; name = ExchangeSequenceViewController.swift; path = "View Controllers/ExchangeSequenceViewController.swift"; sourceTree = "<group>"; };
		5B971F2B1F17F2CD00B1FCF6 /* EXCollectionViewCell.swift */ = {isa = PBXFileReference; fileEncoding = 4; lastKnownFileType = sourcecode.swift; name = EXCollectionViewCell.swift; path = View/EXCollectionViewCell.swift; sourceTree = "<group>"; };
		5B971F2F1F1829E200B1FCF6 /* EXConfirmViewController.swift */ = {isa = PBXFileReference; fileEncoding = 4; lastKnownFileType = sourcecode.swift; name = EXConfirmViewController.swift; path = "View Controllers/EXConfirmViewController.swift"; sourceTree = "<group>"; };
		5B971F311F19291200B1FCF6 /* EXTableDescriptionCell.swift */ = {isa = PBXFileReference; fileEncoding = 4; lastKnownFileType = sourcecode.swift; name = EXTableDescriptionCell.swift; path = View/EXTableDescriptionCell.swift; sourceTree = "<group>"; };
		5B9D50941F15521700E4DC19 /* UICollectionViewUtilities.swift */ = {isa = PBXFileReference; fileEncoding = 4; lastKnownFileType = sourcecode.swift; name = UICollectionViewUtilities.swift; path = "Extension /UICollectionViewUtilities.swift"; sourceTree = "<group>"; };
		5B9D91131F192DAA00071B53 /* EXTableButtonCell.swift */ = {isa = PBXFileReference; fileEncoding = 4; lastKnownFileType = sourcecode.swift; name = EXTableButtonCell.swift; path = View/EXTableButtonCell.swift; sourceTree = "<group>"; };
		5B9D91151F192E0E00071B53 /* EXTableImageCell.swift */ = {isa = PBXFileReference; fileEncoding = 4; lastKnownFileType = sourcecode.swift; name = EXTableImageCell.swift; path = View/EXTableImageCell.swift; sourceTree = "<group>"; };
		5BA92F021F11A8C1006CE880 /* MarketplaceHeaderView.swift */ = {isa = PBXFileReference; fileEncoding = 4; lastKnownFileType = sourcecode.swift; name = MarketplaceHeaderView.swift; path = View/MarketplaceHeaderView.swift; sourceTree = "<group>"; };
		5BA92F051F11E5D5006CE880 /* EXPhotoHelper.swift */ = {isa = PBXFileReference; fileEncoding = 4; lastKnownFileType = sourcecode.swift; name = EXPhotoHelper.swift; path = Helper/EXPhotoHelper.swift; sourceTree = "<group>"; };
		5BA92F071F11FCBC006CE880 /* Post.swift */ = {isa = PBXFileReference; fileEncoding = 4; lastKnownFileType = sourcecode.swift; name = Post.swift; path = Model/Post.swift; sourceTree = "<group>"; };
		5BA92F091F12B27E006CE880 /* PostService.swift */ = {isa = PBXFileReference; fileEncoding = 4; lastKnownFileType = sourcecode.swift; name = PostService.swift; path = Service/PostService.swift; sourceTree = "<group>"; };
		5BA92F0B1F12B5FF006CE880 /* FIRStorageUtilities.swift */ = {isa = PBXFileReference; fileEncoding = 4; lastKnownFileType = sourcecode.swift; name = FIRStorageUtilities.swift; path = "Extension /FIRStorageUtilities.swift"; sourceTree = "<group>"; };
		5BA92F0F1F12BA93006CE880 /* UIImageUtilities.swift */ = {isa = PBXFileReference; fileEncoding = 4; lastKnownFileType = sourcecode.swift; name = UIImageUtilities.swift; path = "Extension /UIImageUtilities.swift"; sourceTree = "<group>"; };
		5BB302A11F1439BE003C149B /* CreateNewPost.storyboard */ = {isa = PBXFileReference; fileEncoding = 4; lastKnownFileType = file.storyboard; name = CreateNewPost.storyboard; path = Storyboards/CreateNewPost.storyboard; sourceTree = "<group>"; };
		5BB302A31F143D3D003C149B /* MyItemViewController.swift */ = {isa = PBXFileReference; fileEncoding = 4; lastKnownFileType = sourcecode.swift; name = MyItemViewController.swift; path = "View Controllers/MyItemViewController.swift"; sourceTree = "<group>"; };
		5BB302A71F143F0F003C149B /* MyItem.storyboard */ = {isa = PBXFileReference; fileEncoding = 4; lastKnownFileType = file.storyboard; name = MyItem.storyboard; path = Storyboards/MyItem.storyboard; sourceTree = "<group>"; };
		5BB302A91F143FA1003C149B /* MyItemPostImageCell.swift */ = {isa = PBXFileReference; fileEncoding = 4; lastKnownFileType = sourcecode.swift; name = MyItemPostImageCell.swift; path = View/MyItemPostImageCell.swift; sourceTree = "<group>"; };
		5BB302AB1F144012003C149B /* MyItemHeaderView.swift */ = {isa = PBXFileReference; fileEncoding = 4; lastKnownFileType = sourcecode.swift; name = MyItemHeaderView.swift; path = View/MyItemHeaderView.swift; sourceTree = "<group>"; };
		5BB734CF1F1D1EC600F12074 /* ProfileOptionCell.swift */ = {isa = PBXFileReference; fileEncoding = 4; lastKnownFileType = sourcecode.swift; name = ProfileOptionCell.swift; path = View/ProfileOptionCell.swift; sourceTree = "<group>"; };
		5BB734D21F1D57D000F12074 /* RequestViewController.swift */ = {isa = PBXFileReference; fileEncoding = 4; lastKnownFileType = sourcecode.swift; name = RequestViewController.swift; path = "View Controllers/RequestViewController.swift"; sourceTree = "<group>"; };
		5BB734D41F1D58B500F12074 /* RequestTableViewCell.swift */ = {isa = PBXFileReference; fileEncoding = 4; lastKnownFileType = sourcecode.swift; name = RequestTableViewCell.swift; path = View/RequestTableViewCell.swift; sourceTree = "<group>"; };
		5BB734D61F1D6BDC00F12074 /* Request.swift */ = {isa = PBXFileReference; fileEncoding = 4; lastKnownFileType = sourcecode.swift; name = Request.swift; path = Model/Request.swift; sourceTree = "<group>"; };
		5BB734D81F1D6D6600F12074 /* RequestService.swift */ = {isa = PBXFileReference; fileEncoding = 4; lastKnownFileType = sourcecode.swift; name = RequestService.swift; path = Service/RequestService.swift; sourceTree = "<group>"; };
		5BB984DA1F0F350D00F5D5E8 /* Explore.storyboard */ = {isa = PBXFileReference; fileEncoding = 4; lastKnownFileType = file.storyboard; name = Explore.storyboard; path = Storyboards/Explore.storyboard; sourceTree = "<group>"; };
		5BBDCF1D1F0C26F7007C505E /* MarketplaceViewController.swift */ = {isa = PBXFileReference; fileEncoding = 4; lastKnownFileType = sourcecode.swift; name = MarketplaceViewController.swift; path = "View Controllers/MarketplaceViewController.swift"; sourceTree = "<group>"; };
		5BF12BA61F0EF8FA0051A92F /* Exchange.entitlements */ = {isa = PBXFileReference; lastKnownFileType = text.plist.entitlements; path = Exchange.entitlements; sourceTree = "<group>"; };
		5BFE717B1F0B3DD5007697EB /* Profile.storyboard */ = {isa = PBXFileReference; fileEncoding = 4; lastKnownFileType = file.storyboard; name = Profile.storyboard; path = Storyboards/Profile.storyboard; sourceTree = "<group>"; };
		6EE866939FA449451BC0350A /* Pods_Exchange.framework */ = {isa = PBXFileReference; explicitFileType = wrapper.framework; includeInIndex = 0; path = Pods_Exchange.framework; sourceTree = BUILT_PRODUCTS_DIR; };
		973872E263ED5614D09E567B /* Pods-Exchange.debug.xcconfig */ = {isa = PBXFileReference; includeInIndex = 1; lastKnownFileType = text.xcconfig; name = "Pods-Exchange.debug.xcconfig"; path = "Pods/Target Support Files/Pods-Exchange/Pods-Exchange.debug.xcconfig"; sourceTree = "<group>"; };
		9C9A29C1A8396D729E8E06BD /* Pods-Exchange.release.xcconfig */ = {isa = PBXFileReference; includeInIndex = 1; lastKnownFileType = text.xcconfig; name = "Pods-Exchange.release.xcconfig"; path = "Pods/Target Support Files/Pods-Exchange/Pods-Exchange.release.xcconfig"; sourceTree = "<group>"; };
/* End PBXFileReference section */

/* Begin PBXFrameworksBuildPhase section */
		5B2CD8AB1F0B2968001E0D6B /* Frameworks */ = {
			isa = PBXFrameworksBuildPhase;
			buildActionMask = 2147483647;
			files = (
				4BD9CD8B4D2301E287A5D8E0 /* Pods_Exchange.framework in Frameworks */,
			);
			runOnlyForDeploymentPostprocessing = 0;
		};
/* End PBXFrameworksBuildPhase section */

/* Begin PBXGroup section */
		02150843E86B2A456B24AB37 /* Frameworks */ = {
			isa = PBXGroup;
			children = (
				6EE866939FA449451BC0350A /* Pods_Exchange.framework */,
			);
			name = Frameworks;
			sourceTree = "<group>";
		};
		5B2CD8A51F0B2968001E0D6B = {
			isa = PBXGroup;
			children = (
				5B2CD8B01F0B2968001E0D6B /* Exchange */,
				5B2CD8AF1F0B2968001E0D6B /* Products */,
				7C07BE225F38B9F1911B3C9B /* Pods */,
				02150843E86B2A456B24AB37 /* Frameworks */,
			);
			sourceTree = "<group>";
		};
		5B2CD8AF1F0B2968001E0D6B /* Products */ = {
			isa = PBXGroup;
			children = (
				5B2CD8AE1F0B2968001E0D6B /* Exchange.app */,
			);
			name = Products;
			sourceTree = "<group>";
		};
		5B2CD8B01F0B2968001E0D6B /* Exchange */ = {
			isa = PBXGroup;
			children = (
				5BF12BA61F0EF8FA0051A92F /* Exchange.entitlements */,
				5B2CD8B11F0B2968001E0D6B /* AppDelegate.swift */,
				5B2CD8BB1F0B2968001E0D6B /* Assets.xcassets */,
				5BA92F041F11E545006CE880 /* Helper */,
				5B724F851F0B2D1B00BE4E4E /* View Controllers */,
				5B724F821F0B2C4200BE4E4E /* View */,
				5B724F7F1F0B2C3A00BE4E4E /* Service */,
				5B724F811F0B2C4000BE4E4E /* Model */,
				5B724F801F0B2C3E00BE4E4E /* Storyboards */,
				5B6C55801F0C62BC00F4120A /* Extension */,
				5B724F881F0B2D8300BE4E4E /* Supporting */,
				5B2CD8B81F0B2968001E0D6B /* Exchange.xcdatamodeld */,
			);
			path = Exchange;
			sourceTree = "<group>";
		};
		5B6C55801F0C62BC00F4120A /* Extension */ = {
			isa = PBXGroup;
			children = (
				5B6C55811F0C630300F4120A /* StoryboardUtilities.swift */,
				5B24A1051F103D6F0068BBD9 /* UIViewControllerUtilities.swift */,
				5BA92F0B1F12B5FF006CE880 /* FIRStorageUtilities.swift */,
				5BA92F0F1F12BA93006CE880 /* UIImageUtilities.swift */,
				5B9D50941F15521700E4DC19 /* UICollectionViewUtilities.swift */,
			);
			name = Extension;
			sourceTree = "<group>";
		};
		5B724F7F1F0B2C3A00BE4E4E /* Service */ = {
			isa = PBXGroup;
			children = (
				5B6C558B1F0CBC4F00F4120A /* UserService.swift */,
				5BA92F091F12B27E006CE880 /* PostService.swift */,
				5BB734D81F1D6D6600F12074 /* RequestService.swift */,
			);
			name = Service;
			sourceTree = "<group>";
		};
		5B724F801F0B2C3E00BE4E4E /* Storyboards */ = {
			isa = PBXGroup;
			children = (
				5B7CF0751F1929EE00AB000E /* ExchangeSequence.storyboard */,
				5B724F831F0B2D1300BE4E4E /* Main.storyboard */,
				5BB302A71F143F0F003C149B /* MyItem.storyboard */,
				5BB302A11F1439BE003C149B /* CreateNewPost.storyboard */,
				5BB984DA1F0F350D00F5D5E8 /* Explore.storyboard */,
				5BFE717B1F0B3DD5007697EB /* Profile.storyboard */,
				5B724F8D1F0B2E0F00BE4E4E /* Login.storyboard */,
			);
			name = Storyboards;
			sourceTree = "<group>";
		};
		5B724F811F0B2C4000BE4E4E /* Model */ = {
			isa = PBXGroup;
			children = (
				5B6C55891F0C7CAD00F4120A /* User.swift */,
				5BA92F071F11FCBC006CE880 /* Post.swift */,
				5BB734D61F1D6BDC00F12074 /* Request.swift */,
			);
			name = Model;
			sourceTree = "<group>";
		};
		5B724F821F0B2C4200BE4E4E /* View */ = {
			isa = PBXGroup;
			children = (
				5BB302AD1F144068003C149B /* Explore */,
				5B971F231F17EFE800B1FCF6 /* Exchange Sequence */,
				5BB302B11F1440EE003C149B /* CreateNewPost */,
				5BB734D11F1D1ECA00F12074 /* Profile */,
				5BB302B21F144117003C149B /* MyItem */,
			);
			name = View;
			sourceTree = "<group>";
		};
		5B724F851F0B2D1B00BE4E4E /* View Controllers */ = {
			isa = PBXGroup;
			children = (
				5B6A61591F157AF1009FCE55 /* MainTabBarController.swift */,
				5B6C55831F0C665100F4120A /* LoginViewController.swift */,
				5BB302B01F1440E2003C149B /* MyItem */,
				5BB302AF1F1440AC003C149B /* CreateNewPost */,
				5B971F261F17F18400B1FCF6 /* Exchange Sequence */,
				5BB302AE1F14408E003C149B /* Explore */,
				5BB734CC1F1D1DD000F12074 /* Profile */,
			);
			name = "View Controllers";
			sourceTree = "<group>";
		};
		5B724F881F0B2D8300BE4E4E /* Supporting */ = {
			isa = PBXGroup;
			children = (
				5B6C55871F0C71C100F4120A /* GoogleService-Info.plist */,
				5B724F8A1F0B2DA100BE4E4E /* Info.plist */,
			);
			name = Supporting;
			sourceTree = "<group>";
		};
		5B971F231F17EFE800B1FCF6 /* Exchange Sequence */ = {
			isa = PBXGroup;
			children = (
				5B971F2B1F17F2CD00B1FCF6 /* EXCollectionViewCell.swift */,
				5B971F311F19291200B1FCF6 /* EXTableDescriptionCell.swift */,
				5B9D91131F192DAA00071B53 /* EXTableButtonCell.swift */,
				5B9D91151F192E0E00071B53 /* EXTableImageCell.swift */,
			);
			name = "Exchange Sequence";
			sourceTree = "<group>";
		};
		5B971F261F17F18400B1FCF6 /* Exchange Sequence */ = {
			isa = PBXGroup;
			children = (
				5B7CF0771F192A5600AB000E /* ExchangeSequenceViewController.swift */,
				5B971F2F1F1829E200B1FCF6 /* EXConfirmViewController.swift */,
			);
			name = "Exchange Sequence";
			sourceTree = "<group>";
		};
		5BA92F041F11E545006CE880 /* Helper */ = {
			isa = PBXGroup;
			children = (
				5BA92F051F11E5D5006CE880 /* EXPhotoHelper.swift */,
				5B6A61631F16DFFE009FCE55 /* EXScenarios.swift */,
			);
			name = Helper;
			sourceTree = "<group>";
		};
		5BB302AD1F144068003C149B /* Explore */ = {
			isa = PBXGroup;
			children = (
				5BA92F021F11A8C1006CE880 /* MarketplaceHeaderView.swift */,
				5B4D89401F10AB32009FFEE2 /* PostThumbImageCell.swift */,
				5B24A0F41F0F3A230068BBD9 /* ExploreCategoryCell.swift */,
			);
			name = Explore;
			sourceTree = "<group>";
		};
		5BB302AE1F14408E003C149B /* Explore */ = {
			isa = PBXGroup;
			children = (
				5B4D893E1F10A8F9009FFEE2 /* PopularCategoriesViewController.swift */,
				5BBDCF1D1F0C26F7007C505E /* MarketplaceViewController.swift */,
			);
			name = Explore;
			sourceTree = "<group>";
		};
		5BB302AF1F1440AC003C149B /* CreateNewPost */ = {
			isa = PBXGroup;
			children = (
				5B24A0FD1F10212E0068BBD9 /* CreatePostViewController.swift */,
				5B24A1071F1044A60068BBD9 /* CategoriesViewController.swift */,
			);
			name = CreateNewPost;
			sourceTree = "<group>";
		};
		5BB302B01F1440E2003C149B /* MyItem */ = {
			isa = PBXGroup;
			children = (
				5BB302A31F143D3D003C149B /* MyItemViewController.swift */,
			);
			name = MyItem;
			sourceTree = "<group>";
		};
		5BB302B11F1440EE003C149B /* CreateNewPost */ = {
			isa = PBXGroup;
			children = (
				5B24A0FF1F1025A00068BBD9 /* CreatePostDescriptionCell.swift */,
				5B24A1011F1026570068BBD9 /* CreatePostCategoryCell.swift */,
				5B24A1031F1027F10068BBD9 /* CreatePostCameraCell.swift */,
				5B24A1091F104C290068BBD9 /* CategoryCell.swift */,
			);
			name = CreateNewPost;
			sourceTree = "<group>";
		};
		5BB302B21F144117003C149B /* MyItem */ = {
			isa = PBXGroup;
			children = (
				5BB302A91F143FA1003C149B /* MyItemPostImageCell.swift */,
				5BB302AB1F144012003C149B /* MyItemHeaderView.swift */,
			);
			name = MyItem;
			sourceTree = "<group>";
		};
		5BB734CC1F1D1DD000F12074 /* Profile */ = {
			isa = PBXGroup;
			children = (
				5BB734D21F1D57D000F12074 /* RequestViewController.swift */,
				5B724F951F0B37A400BE4E4E /* ProfileViewController.swift */,
			);
			name = Profile;
			sourceTree = "<group>";
		};
		5BB734D11F1D1ECA00F12074 /* Profile */ = {
			isa = PBXGroup;
			children = (
				5BB734CF1F1D1EC600F12074 /* ProfileOptionCell.swift */,
				5BB734D41F1D58B500F12074 /* RequestTableViewCell.swift */,
			);
			name = Profile;
			sourceTree = "<group>";
		};
		7C07BE225F38B9F1911B3C9B /* Pods */ = {
			isa = PBXGroup;
			children = (
				973872E263ED5614D09E567B /* Pods-Exchange.debug.xcconfig */,
				9C9A29C1A8396D729E8E06BD /* Pods-Exchange.release.xcconfig */,
			);
			name = Pods;
			sourceTree = "<group>";
		};
/* End PBXGroup section */

/* Begin PBXNativeTarget section */
		5B2CD8AD1F0B2968001E0D6B /* Exchange */ = {
			isa = PBXNativeTarget;
			buildConfigurationList = 5B2CD8C31F0B2968001E0D6B /* Build configuration list for PBXNativeTarget "Exchange" */;
			buildPhases = (
				77244514960B234B4D332E17 /* [CP] Check Pods Manifest.lock */,
				5B2CD8AA1F0B2968001E0D6B /* Sources */,
				5B2CD8AB1F0B2968001E0D6B /* Frameworks */,
				5B2CD8AC1F0B2968001E0D6B /* Resources */,
				7DB4FD4E0CEEB36FD663C3DF /* [CP] Embed Pods Frameworks */,
				A84CC4F5D7BD2B4C61EC6454 /* [CP] Copy Pods Resources */,
			);
			buildRules = (
			);
			dependencies = (
			);
			name = Exchange;
			productName = Exchange;
			productReference = 5B2CD8AE1F0B2968001E0D6B /* Exchange.app */;
			productType = "com.apple.product-type.application";
		};
/* End PBXNativeTarget section */

/* Begin PBXProject section */
		5B2CD8A61F0B2968001E0D6B /* Project object */ = {
			isa = PBXProject;
			attributes = {
				LastSwiftUpdateCheck = 0830;
				LastUpgradeCheck = 0830;
				ORGANIZATIONNAME = "Quang Vu";
				TargetAttributes = {
					5B2CD8AD1F0B2968001E0D6B = {
						CreatedOnToolsVersion = 8.3.3;
						DevelopmentTeam = TALKAB4XDB;
						ProvisioningStyle = Automatic;
						SystemCapabilities = {
							com.apple.Keychain = {
								enabled = 1;
							};
						};
					};
				};
			};
			buildConfigurationList = 5B2CD8A91F0B2968001E0D6B /* Build configuration list for PBXProject "Exchange" */;
			compatibilityVersion = "Xcode 3.2";
			developmentRegion = English;
			hasScannedForEncodings = 0;
			knownRegions = (
				en,
				Base,
			);
			mainGroup = 5B2CD8A51F0B2968001E0D6B;
			productRefGroup = 5B2CD8AF1F0B2968001E0D6B /* Products */;
			projectDirPath = "";
			projectRoot = "";
			targets = (
				5B2CD8AD1F0B2968001E0D6B /* Exchange */,
			);
		};
/* End PBXProject section */

/* Begin PBXResourcesBuildPhase section */
		5B2CD8AC1F0B2968001E0D6B /* Resources */ = {
			isa = PBXResourcesBuildPhase;
			buildActionMask = 2147483647;
			files = (
				5B724F841F0B2D1300BE4E4E /* Main.storyboard in Resources */,
				5B2CD8BC1F0B2968001E0D6B /* Assets.xcassets in Resources */,
				5BB302A81F143F0F003C149B /* MyItem.storyboard in Resources */,
				5B724F8E1F0B2E0F00BE4E4E /* Login.storyboard in Resources */,
				5BB302A21F1439BE003C149B /* CreateNewPost.storyboard in Resources */,
				5B7CF0761F1929EE00AB000E /* ExchangeSequence.storyboard in Resources */,
				5BB984DB1F0F350D00F5D5E8 /* Explore.storyboard in Resources */,
				5BFE717C1F0B3DD5007697EB /* Profile.storyboard in Resources */,
				5B6C55881F0C71C100F4120A /* GoogleService-Info.plist in Resources */,
			);
			runOnlyForDeploymentPostprocessing = 0;
		};
/* End PBXResourcesBuildPhase section */

/* Begin PBXShellScriptBuildPhase section */
		77244514960B234B4D332E17 /* [CP] Check Pods Manifest.lock */ = {
			isa = PBXShellScriptBuildPhase;
			buildActionMask = 2147483647;
			files = (
			);
			inputPaths = (
			);
			name = "[CP] Check Pods Manifest.lock";
			outputPaths = (
			);
			runOnlyForDeploymentPostprocessing = 0;
			shellPath = /bin/sh;
			shellScript = "diff \"${PODS_PODFILE_DIR_PATH}/Podfile.lock\" \"${PODS_ROOT}/Manifest.lock\" > /dev/null\nif [ $? != 0 ] ; then\n    # print error to STDERR\n    echo \"error: The sandbox is not in sync with the Podfile.lock. Run 'pod install' or update your CocoaPods installation.\" >&2\n    exit 1\nfi\n";
			showEnvVarsInLog = 0;
		};
		7DB4FD4E0CEEB36FD663C3DF /* [CP] Embed Pods Frameworks */ = {
			isa = PBXShellScriptBuildPhase;
			buildActionMask = 2147483647;
			files = (
			);
			inputPaths = (
			);
			name = "[CP] Embed Pods Frameworks";
			outputPaths = (
			);
			runOnlyForDeploymentPostprocessing = 0;
			shellPath = /bin/sh;
			shellScript = "\"${SRCROOT}/Pods/Target Support Files/Pods-Exchange/Pods-Exchange-frameworks.sh\"\n";
			showEnvVarsInLog = 0;
		};
		A84CC4F5D7BD2B4C61EC6454 /* [CP] Copy Pods Resources */ = {
			isa = PBXShellScriptBuildPhase;
			buildActionMask = 2147483647;
			files = (
			);
			inputPaths = (
			);
			name = "[CP] Copy Pods Resources";
			outputPaths = (
			);
			runOnlyForDeploymentPostprocessing = 0;
			shellPath = /bin/sh;
			shellScript = "\"${SRCROOT}/Pods/Target Support Files/Pods-Exchange/Pods-Exchange-resources.sh\"\n";
			showEnvVarsInLog = 0;
		};
/* End PBXShellScriptBuildPhase section */

/* Begin PBXSourcesBuildPhase section */
		5B2CD8AA1F0B2968001E0D6B /* Sources */ = {
			isa = PBXSourcesBuildPhase;
			buildActionMask = 2147483647;
			files = (
				5B971F321F19291200B1FCF6 /* EXTableDescriptionCell.swift in Sources */,
				5B6A615A1F157AF1009FCE55 /* MainTabBarController.swift in Sources */,
				5B6A61641F16DFFE009FCE55 /* EXScenarios.swift in Sources */,
				5B24A0FE1F10212E0068BBD9 /* CreatePostViewController.swift in Sources */,
				5BA92F061F11E5D5006CE880 /* EXPhotoHelper.swift in Sources */,
				5BB302A41F143D3D003C149B /* MyItemViewController.swift in Sources */,
				5B7CF0781F192A5600AB000E /* ExchangeSequenceViewController.swift in Sources */,
				5B6C55841F0C665100F4120A /* LoginViewController.swift in Sources */,
				5BB734D31F1D57D000F12074 /* RequestViewController.swift in Sources */,
				5B6C55821F0C630300F4120A /* StoryboardUtilities.swift in Sources */,
				5B9D91161F192E0E00071B53 /* EXTableImageCell.swift in Sources */,
				5B24A1061F103D6F0068BBD9 /* UIViewControllerUtilities.swift in Sources */,
				5BB302AA1F143FA1003C149B /* MyItemPostImageCell.swift in Sources */,
				5B9D50951F15521700E4DC19 /* UICollectionViewUtilities.swift in Sources */,
				5BA92F0A1F12B27E006CE880 /* PostService.swift in Sources */,
				5B9D91141F192DAA00071B53 /* EXTableButtonCell.swift in Sources */,
				5BA92F0C1F12B5FF006CE880 /* FIRStorageUtilities.swift in Sources */,
				5BB734D71F1D6BDC00F12074 /* Request.swift in Sources */,
				5B24A0F51F0F3A230068BBD9 /* ExploreCategoryCell.swift in Sources */,
				5BBDCF1E1F0C26F7007C505E /* MarketplaceViewController.swift in Sources */,
				5BA92F031F11A8C1006CE880 /* MarketplaceHeaderView.swift in Sources */,
				5B2CD8B21F0B2968001E0D6B /* AppDelegate.swift in Sources */,
				5B971F301F1829E200B1FCF6 /* EXConfirmViewController.swift in Sources */,
				5B6C558C1F0CBC4F00F4120A /* UserService.swift in Sources */,
				5BB734D51F1D58B500F12074 /* RequestTableViewCell.swift in Sources */,
				5B724F961F0B37A400BE4E4E /* ProfileViewController.swift in Sources */,
				5B24A1041F1027F10068BBD9 /* CreatePostCameraCell.swift in Sources */,
				5BA92F101F12BA93006CE880 /* UIImageUtilities.swift in Sources */,
				5BA92F081F11FCBC006CE880 /* Post.swift in Sources */,
				5BB734D01F1D1EC600F12074 /* ProfileOptionCell.swift in Sources */,
				5B2CD8BA1F0B2968001E0D6B /* Exchange.xcdatamodeld in Sources */,
				5B24A10A1F104C290068BBD9 /* CategoryCell.swift in Sources */,
				5B6C558A1F0C7CAD00F4120A /* User.swift in Sources */,
				5B971F2C1F17F2CD00B1FCF6 /* EXCollectionViewCell.swift in Sources */,
				5B24A1001F1025A00068BBD9 /* CreatePostDescriptionCell.swift in Sources */,
				5BB734D91F1D6D6600F12074 /* RequestService.swift in Sources */,
				5B4D89411F10AB32009FFEE2 /* PostThumbImageCell.swift in Sources */,
				5B24A1021F1026570068BBD9 /* CreatePostCategoryCell.swift in Sources */,
				5B4D893F1F10A8F9009FFEE2 /* PopularCategoriesViewController.swift in Sources */,
				5BB302AC1F144012003C149B /* MyItemHeaderView.swift in Sources */,
				5B24A1081F1044A60068BBD9 /* CategoriesViewController.swift in Sources */,
			);
			runOnlyForDeploymentPostprocessing = 0;
		};
/* End PBXSourcesBuildPhase section */

/* Begin XCBuildConfiguration section */
		5B2CD8C11F0B2968001E0D6B /* Debug */ = {
			isa = XCBuildConfiguration;
			buildSettings = {
				ALWAYS_SEARCH_USER_PATHS = NO;
				CLANG_ANALYZER_NONNULL = YES;
				CLANG_ANALYZER_NUMBER_OBJECT_CONVERSION = YES_AGGRESSIVE;
				CLANG_CXX_LANGUAGE_STANDARD = "gnu++0x";
				CLANG_CXX_LIBRARY = "libc++";
				CLANG_ENABLE_MODULES = YES;
				CLANG_ENABLE_OBJC_ARC = YES;
				CLANG_WARN_BOOL_CONVERSION = YES;
				CLANG_WARN_CONSTANT_CONVERSION = YES;
				CLANG_WARN_DIRECT_OBJC_ISA_USAGE = YES_ERROR;
				CLANG_WARN_DOCUMENTATION_COMMENTS = YES;
				CLANG_WARN_EMPTY_BODY = YES;
				CLANG_WARN_ENUM_CONVERSION = YES;
				CLANG_WARN_INFINITE_RECURSION = YES;
				CLANG_WARN_INT_CONVERSION = YES;
				CLANG_WARN_OBJC_ROOT_CLASS = YES_ERROR;
				CLANG_WARN_SUSPICIOUS_MOVE = YES;
				CLANG_WARN_UNREACHABLE_CODE = YES;
				CLANG_WARN__DUPLICATE_METHOD_MATCH = YES;
				"CODE_SIGN_IDENTITY[sdk=iphoneos*]" = "iPhone Developer";
				COPY_PHASE_STRIP = NO;
				DEBUG_INFORMATION_FORMAT = dwarf;
				ENABLE_STRICT_OBJC_MSGSEND = YES;
				ENABLE_TESTABILITY = YES;
				GCC_C_LANGUAGE_STANDARD = gnu99;
				GCC_DYNAMIC_NO_PIC = NO;
				GCC_NO_COMMON_BLOCKS = YES;
				GCC_OPTIMIZATION_LEVEL = 0;
				GCC_PREPROCESSOR_DEFINITIONS = (
					"DEBUG=1",
					"$(inherited)",
				);
				GCC_WARN_64_TO_32_BIT_CONVERSION = YES;
				GCC_WARN_ABOUT_RETURN_TYPE = YES_ERROR;
				GCC_WARN_UNDECLARED_SELECTOR = YES;
				GCC_WARN_UNINITIALIZED_AUTOS = YES_AGGRESSIVE;
				GCC_WARN_UNUSED_FUNCTION = YES;
				GCC_WARN_UNUSED_VARIABLE = YES;
				IPHONEOS_DEPLOYMENT_TARGET = 10.3;
				MTL_ENABLE_DEBUG_INFO = YES;
				ONLY_ACTIVE_ARCH = YES;
				SDKROOT = iphoneos;
				SWIFT_ACTIVE_COMPILATION_CONDITIONS = DEBUG;
				SWIFT_OPTIMIZATION_LEVEL = "-Onone";
				TARGETED_DEVICE_FAMILY = "1,2";
			};
			name = Debug;
		};
		5B2CD8C21F0B2968001E0D6B /* Release */ = {
			isa = XCBuildConfiguration;
			buildSettings = {
				ALWAYS_SEARCH_USER_PATHS = NO;
				CLANG_ANALYZER_NONNULL = YES;
				CLANG_ANALYZER_NUMBER_OBJECT_CONVERSION = YES_AGGRESSIVE;
				CLANG_CXX_LANGUAGE_STANDARD = "gnu++0x";
				CLANG_CXX_LIBRARY = "libc++";
				CLANG_ENABLE_MODULES = YES;
				CLANG_ENABLE_OBJC_ARC = YES;
				CLANG_WARN_BOOL_CONVERSION = YES;
				CLANG_WARN_CONSTANT_CONVERSION = YES;
				CLANG_WARN_DIRECT_OBJC_ISA_USAGE = YES_ERROR;
				CLANG_WARN_DOCUMENTATION_COMMENTS = YES;
				CLANG_WARN_EMPTY_BODY = YES;
				CLANG_WARN_ENUM_CONVERSION = YES;
				CLANG_WARN_INFINITE_RECURSION = YES;
				CLANG_WARN_INT_CONVERSION = YES;
				CLANG_WARN_OBJC_ROOT_CLASS = YES_ERROR;
				CLANG_WARN_SUSPICIOUS_MOVE = YES;
				CLANG_WARN_UNREACHABLE_CODE = YES;
				CLANG_WARN__DUPLICATE_METHOD_MATCH = YES;
				"CODE_SIGN_IDENTITY[sdk=iphoneos*]" = "iPhone Developer";
				COPY_PHASE_STRIP = NO;
				DEBUG_INFORMATION_FORMAT = "dwarf-with-dsym";
				ENABLE_NS_ASSERTIONS = NO;
				ENABLE_STRICT_OBJC_MSGSEND = YES;
				GCC_C_LANGUAGE_STANDARD = gnu99;
				GCC_NO_COMMON_BLOCKS = YES;
				GCC_WARN_64_TO_32_BIT_CONVERSION = YES;
				GCC_WARN_ABOUT_RETURN_TYPE = YES_ERROR;
				GCC_WARN_UNDECLARED_SELECTOR = YES;
				GCC_WARN_UNINITIALIZED_AUTOS = YES_AGGRESSIVE;
				GCC_WARN_UNUSED_FUNCTION = YES;
				GCC_WARN_UNUSED_VARIABLE = YES;
				IPHONEOS_DEPLOYMENT_TARGET = 10.3;
				MTL_ENABLE_DEBUG_INFO = NO;
				SDKROOT = iphoneos;
				SWIFT_OPTIMIZATION_LEVEL = "-Owholemodule";
				TARGETED_DEVICE_FAMILY = "1,2";
				VALIDATE_PRODUCT = YES;
			};
			name = Release;
		};
		5B2CD8C41F0B2968001E0D6B /* Debug */ = {
			isa = XCBuildConfiguration;
			baseConfigurationReference = 973872E263ED5614D09E567B /* Pods-Exchange.debug.xcconfig */;
			buildSettings = {
				ASSETCATALOG_COMPILER_APPICON_NAME = AppIcon;
				CODE_SIGN_ENTITLEMENTS = Exchange/Exchange.entitlements;
				DEVELOPMENT_TEAM = TALKAB4XDB;
				INFOPLIST_FILE = "$(SRCROOT)/Exchange/Supporting/Info.plist";
				IPHONEOS_DEPLOYMENT_TARGET = 10.0;
				LD_RUNPATH_SEARCH_PATHS = "$(inherited) @executable_path/Frameworks";
				PRODUCT_BUNDLE_IDENTIFIER = com.quangvu.Exchange;
				PRODUCT_NAME = "$(TARGET_NAME)";
				SWIFT_VERSION = 3.0;
			};
			name = Debug;
		};
		5B2CD8C51F0B2968001E0D6B /* Release */ = {
			isa = XCBuildConfiguration;
			baseConfigurationReference = 9C9A29C1A8396D729E8E06BD /* Pods-Exchange.release.xcconfig */;
			buildSettings = {
				ASSETCATALOG_COMPILER_APPICON_NAME = AppIcon;
				CODE_SIGN_ENTITLEMENTS = Exchange/Exchange.entitlements;
				DEVELOPMENT_TEAM = TALKAB4XDB;
				INFOPLIST_FILE = "$(SRCROOT)/Exchange/Supporting/Info.plist";
				IPHONEOS_DEPLOYMENT_TARGET = 10.0;
				LD_RUNPATH_SEARCH_PATHS = "$(inherited) @executable_path/Frameworks";
				PRODUCT_BUNDLE_IDENTIFIER = com.quangvu.Exchange;
				PRODUCT_NAME = "$(TARGET_NAME)";
				SWIFT_VERSION = 3.0;
			};
			name = Release;
		};
/* End XCBuildConfiguration section */

/* Begin XCConfigurationList section */
		5B2CD8A91F0B2968001E0D6B /* Build configuration list for PBXProject "Exchange" */ = {
			isa = XCConfigurationList;
			buildConfigurations = (
				5B2CD8C11F0B2968001E0D6B /* Debug */,
				5B2CD8C21F0B2968001E0D6B /* Release */,
			);
			defaultConfigurationIsVisible = 0;
			defaultConfigurationName = Release;
		};
		5B2CD8C31F0B2968001E0D6B /* Build configuration list for PBXNativeTarget "Exchange" */ = {
			isa = XCConfigurationList;
			buildConfigurations = (
				5B2CD8C41F0B2968001E0D6B /* Debug */,
				5B2CD8C51F0B2968001E0D6B /* Release */,
			);
			defaultConfigurationIsVisible = 0;
			defaultConfigurationName = Release;
		};
/* End XCConfigurationList section */

/* Begin XCVersionGroup section */
		5B2CD8B81F0B2968001E0D6B /* Exchange.xcdatamodeld */ = {
			isa = XCVersionGroup;
			children = (
				5B2CD8B91F0B2968001E0D6B /* Exchange.xcdatamodel */,
			);
			currentVersion = 5B2CD8B91F0B2968001E0D6B /* Exchange.xcdatamodel */;
			path = Exchange.xcdatamodeld;
			sourceTree = "<group>";
			versionGroupType = wrapper.xcdatamodel;
		};
/* End XCVersionGroup section */
	};
	rootObject = 5B2CD8A61F0B2968001E0D6B /* Project object */;
}
